
Microsoft Visual Studio Solution File, Format Version 12.00
# Visual Studio Version 17
VisualStudioVersion = 17.13.35931.197
MinimumVisualStudioVersion = 10.0.40219.1
Project("{FAE04EC0-301F-11D3-BF4B-00C04F79EFBC}") = "leetcodeEveryday", "leetcodeEveryday\leetcodeEveryday.csproj", "{FF795EA0-30DD-4D4A-91C2-ECFEB9F94FB8}"
EndProject
Project("{2150E333-8FDC-42A3-9474-1A3956D46DE8}") = "SqlLeetCode", "SqlLeetCode", "{02EA681E-C7D8-13C7-8484-4AC65E1B71E8}"
	ProjectSection(SolutionItems) = preProject
		Question.txt = Question.txt
	EndProjectSection
EndProject
Project("{FAE04EC0-301F-11D3-BF4B-00C04F79EFBC}") = "ZeroArrayTransformation", "ZeroArrayTransformation\ZeroArrayTransformation.csproj", "{E70FAB25-421D-474E-A379-3EC32416F302}"
EndProject
Project("{FAE04EC0-301F-11D3-BF4B-00C04F79EFBC}") = "Reverse", "Reverse\Reverse.csproj", "{15D45029-160E-4F92-88FB-E193F4C19E2C}"
EndProject
Global
	GlobalSection(SolutionConfigurationPlatforms) = preSolution
		Debug|Any CPU = Debug|Any CPU
		Release|Any CPU = Release|Any CPU
	EndGlobalSection
	GlobalSection(ProjectConfigurationPlatforms) = postSolution
		{FF795EA0-30DD-4D4A-91C2-ECFEB9F94FB8}.Debug|Any CPU.ActiveCfg = Debug|Any CPU
		{FF795EA0-30DD-4D4A-91C2-ECFEB9F94FB8}.Debug|Any CPU.Build.0 = Debug|Any CPU
		{FF795EA0-30DD-4D4A-91C2-ECFEB9F94FB8}.Release|Any CPU.ActiveCfg = Release|Any CPU
		{FF795EA0-30DD-4D4A-91C2-ECFEB9F94FB8}.Release|Any CPU.Build.0 = Release|Any CPU
		{E70FAB25-421D-474E-A379-3EC32416F302}.Debug|Any CPU.ActiveCfg = Debug|Any CPU
		{E70FAB25-421D-474E-A379-3EC32416F302}.Debug|Any CPU.Build.0 = Debug|Any CPU
		{E70FAB25-421D-474E-A379-3EC32416F302}.Release|Any CPU.ActiveCfg = Release|Any CPU
		{E70FAB25-421D-474E-A379-3EC32416F302}.Release|Any CPU.Build.0 = Release|Any CPU
		{15D45029-160E-4F92-88FB-E193F4C19E2C}.Debug|Any CPU.ActiveCfg = Debug|Any CPU
		{15D45029-160E-4F92-88FB-E193F4C19E2C}.Debug|Any CPU.Build.0 = Debug|Any CPU
		{15D45029-160E-4F92-88FB-E193F4C19E2C}.Release|Any CPU.ActiveCfg = Release|Any CPU
		{15D45029-160E-4F92-88FB-E193F4C19E2C}.Release|Any CPU.Build.0 = Release|Any CPU
	EndGlobalSection
	GlobalSection(SolutionProperties) = preSolution
		HideSolutionNode = FALSE
	EndGlobalSection
	GlobalSection(ExtensibilityGlobals) = postSolution
		SolutionGuid = {BA38FD88-4AB9-405C-98F7-842825140FDB}
	EndGlobalSection
EndGlobal
