
Microsoft Visual Studio Solution File, Format Version 12.00
# Visual Studio Version 17
VisualStudioVersion = 17.13.35931.197 d17.13
MinimumVisualStudioVersion = 10.0.40219.1
Project("{FAE04EC0-301F-11D3-BF4B-00C04F79EFBC}") = "leetcodeEveryday", "leetcodeEveryday\leetcodeEveryday.csproj", "{FF795EA0-30DD-4D4A-91C2-ECFEB9F94FB8}"
EndProject
Global
	GlobalSection(SolutionConfigurationPlatforms) = preSolution
		Debug|Any CPU = Debug|Any CPU
		Release|Any CPU = Release|Any CPU
	EndGlobalSection
	GlobalSection(ProjectConfigurationPlatforms) = postSolution
		{FF795EA0-30DD-4D4A-91C2-ECFEB9F94FB8}.Debug|Any CPU.ActiveCfg = Debug|Any CPU
		{FF795EA0-30DD-4D4A-91C2-ECFEB9F94FB8}.Debug|Any CPU.Build.0 = Debug|Any CPU
		{FF795EA0-30DD-4D4A-91C2-ECFEB9F94FB8}.Release|Any CPU.ActiveCfg = Release|Any CPU
		{FF795EA0-30DD-4D4A-91C2-ECFEB9F94FB8}.Release|Any CPU.Build.0 = Release|Any CPU
	EndGlobalSection
	GlobalSection(SolutionProperties) = preSolution
		HideSolutionNode = FALSE
	EndGlobalSection
	GlobalSection(ExtensibilityGlobals) = postSolution
		SolutionGuid = {BA38FD88-4AB9-405C-98F7-842825140FDB}
	EndGlobalSection
EndGlobal
